
Microsoft Visual Studio Solution File, Format Version 12.00
# Visual Studio Version 17
VisualStudioVersion = 17.1.32228.430
MinimumVisualStudioVersion = 10.0.40219.1
Project("{9A19103F-16F7-4668-BE54-9A1E7A4F7556}") = "M6L1BooksAuthors", "M6L1BooksAuthors\M6L1BooksAuthors.csproj", "{45385EFC-0408-42C6-BD96-A91B12FD44C2}"
EndProject
Project("{FAE04EC0-301F-11D3-BF4B-00C04F79EFBC}") = "M6L1BooksAuthors.Core", "M6L1BooksAuthors.Core\M6L1BooksAuthors.Core.csproj", "{B6447062-40F0-44F7-9304-8CE009B12305}"
EndProject
Project("{FAE04EC0-301F-11D3-BF4B-00C04F79EFBC}") = "M6L1BooksAuthors.Infrastructure", "M6L1BooksAuthors.Infrastructure\M6L1BooksAuthors.Infrastructure.csproj", "{86161459-476D-483E-96E4-D8B1F75CC85F}"
EndProject
Global
	GlobalSection(SolutionConfigurationPlatforms) = preSolution
		Debug|Any CPU = Debug|Any CPU
		Release|Any CPU = Release|Any CPU
	EndGlobalSection
	GlobalSection(ProjectConfigurationPlatforms) = postSolution
		{45385EFC-0408-42C6-BD96-A91B12FD44C2}.Debug|Any CPU.ActiveCfg = Debug|Any CPU
		{45385EFC-0408-42C6-BD96-A91B12FD44C2}.Debug|Any CPU.Build.0 = Debug|Any CPU
		{45385EFC-0408-42C6-BD96-A91B12FD44C2}.Release|Any CPU.ActiveCfg = Release|Any CPU
		{45385EFC-0408-42C6-BD96-A91B12FD44C2}.Release|Any CPU.Build.0 = Release|Any CPU
		{B6447062-40F0-44F7-9304-8CE009B12305}.Debug|Any CPU.ActiveCfg = Debug|Any CPU
		{B6447062-40F0-44F7-9304-8CE009B12305}.Debug|Any CPU.Build.0 = Debug|Any CPU
		{B6447062-40F0-44F7-9304-8CE009B12305}.Release|Any CPU.ActiveCfg = Release|Any CPU
		{B6447062-40F0-44F7-9304-8CE009B12305}.Release|Any CPU.Build.0 = Release|Any CPU
		{86161459-476D-483E-96E4-D8B1F75CC85F}.Debug|Any CPU.ActiveCfg = Debug|Any CPU
		{86161459-476D-483E-96E4-D8B1F75CC85F}.Debug|Any CPU.Build.0 = Debug|Any CPU
		{86161459-476D-483E-96E4-D8B1F75CC85F}.Release|Any CPU.ActiveCfg = Release|Any CPU
		{86161459-476D-483E-96E4-D8B1F75CC85F}.Release|Any CPU.Build.0 = Release|Any CPU
	EndGlobalSection
	GlobalSection(SolutionProperties) = preSolution
		HideSolutionNode = FALSE
	EndGlobalSection
	GlobalSection(ExtensibilityGlobals) = postSolution
		SolutionGuid = {EB069041-7476-4E34-87DD-ED5F9620455A}
	EndGlobalSection
EndGlobal
